
Microsoft Visual Studio Solution File, Format Version 12.00
# Visual Studio 15
VisualStudioVersion = 15.0.27722.1
MinimumVisualStudioVersion = 10.0.40219.1
Project("{9B56FCB0-63B4-404F-8A09-42EF52B53347}") = "TestAppWebProjects", "TestAppWebProjects\TestAppWebProjects.sfaproj", "{802879A8-824D-41A3-A18B-957E56A4DEE5}"
EndProject
Project("{FAE04EC0-301F-11D3-BF4B-00C04F79EFBC}") = "WebSiteProject", "WebSiteProject\WebSiteProject.csproj", "{1F776C5D-EF20-4678-9448-220F7AFBDA5E}"
EndProject
Project("{FAE04EC0-301F-11D3-BF4B-00C04F79EFBC}") = "WebAPIProject", "WebAPIProject\WebAPIProject.csproj", "{9DA0290F-89A6-49B6-8456-8B3F6697E032}"
EndProject
Global
	GlobalSection(SolutionConfigurationPlatforms) = preSolution
		Debug|Any CPU = Debug|Any CPU
		Release|Any CPU = Release|Any CPU
	EndGlobalSection
	GlobalSection(ProjectConfigurationPlatforms) = postSolution
		{802879A8-824D-41A3-A18B-957E56A4DEE5}.Debug|Any CPU.ActiveCfg = Debug|Any CPU
		{802879A8-824D-41A3-A18B-957E56A4DEE5}.Debug|Any CPU.Build.0 = Debug|Any CPU
		{802879A8-824D-41A3-A18B-957E56A4DEE5}.Release|Any CPU.ActiveCfg = Release|Any CPU
		{802879A8-824D-41A3-A18B-957E56A4DEE5}.Release|Any CPU.Build.0 = Release|Any CPU
		{1F776C5D-EF20-4678-9448-220F7AFBDA5E}.Debug|Any CPU.ActiveCfg = Debug|Any CPU
		{1F776C5D-EF20-4678-9448-220F7AFBDA5E}.Debug|Any CPU.Build.0 = Debug|Any CPU
		{1F776C5D-EF20-4678-9448-220F7AFBDA5E}.Release|Any CPU.ActiveCfg = Release|Any CPU
		{1F776C5D-EF20-4678-9448-220F7AFBDA5E}.Release|Any CPU.Build.0 = Release|Any CPU
		{9DA0290F-89A6-49B6-8456-8B3F6697E032}.Debug|Any CPU.ActiveCfg = Debug|Any CPU
		{9DA0290F-89A6-49B6-8456-8B3F6697E032}.Debug|Any CPU.Build.0 = Debug|Any CPU
		{9DA0290F-89A6-49B6-8456-8B3F6697E032}.Release|Any CPU.ActiveCfg = Release|Any CPU
		{9DA0290F-89A6-49B6-8456-8B3F6697E032}.Release|Any CPU.Build.0 = Release|Any CPU
	EndGlobalSection
	GlobalSection(SolutionProperties) = preSolution
		HideSolutionNode = FALSE
	EndGlobalSection
	GlobalSection(ExtensibilityGlobals) = postSolution
		SolutionGuid = {F6F198F3-B11C-458F-BBEB-2ACF3C5C3461}
	EndGlobalSection
EndGlobal
